
Microsoft Visual Studio Solution File, Format Version 12.00
# Visual Studio Version 17
VisualStudioVersion = 17.7.34202.233
MinimumVisualStudioVersion = 10.0.40219.1
Project("{FAE04EC0-301F-11D3-BF4B-00C04F79EFBC}") = "WeatherMobileApp.Android", "WeatherMobileApp\WeatherMobileApp.Android\WeatherMobileApp.Android.csproj", "{3AFA8EAA-BA23-4CC9-8DA0-C2D3B8A04D60}"
EndProject
Project("{FAE04EC0-301F-11D3-BF4B-00C04F79EFBC}") = "WeatherMobileApp.iOS", "WeatherMobileApp\WeatherMobileApp.iOS\WeatherMobileApp.iOS.csproj", "{05A19EBE-B372-417E-ADFE-8EC9DB105813}"
EndProject
Project("{FAE04EC0-301F-11D3-BF4B-00C04F79EFBC}") = "WeatherMobileApp", "WeatherMobileApp\WeatherMobileApp\WeatherMobileApp.csproj", "{D4781E85-A96B-4525-A76F-173493332253}"
EndProject
Global
	GlobalSection(SolutionConfigurationPlatforms) = preSolution
		Debug|Any CPU = Debug|Any CPU
		Debug|iPhone = Debug|iPhone
		Debug|iPhoneSimulator = Debug|iPhoneSimulator
		Release|Any CPU = Release|Any CPU
		Release|iPhone = Release|iPhone
		Release|iPhoneSimulator = Release|iPhoneSimulator
	EndGlobalSection
	GlobalSection(ProjectConfigurationPlatforms) = postSolution
		{3AFA8EAA-BA23-4CC9-8DA0-C2D3B8A04D60}.Debug|Any CPU.ActiveCfg = Debug|Any CPU
		{3AFA8EAA-BA23-4CC9-8DA0-C2D3B8A04D60}.Debug|Any CPU.Build.0 = Debug|Any CPU
		{3AFA8EAA-BA23-4CC9-8DA0-C2D3B8A04D60}.Debug|Any CPU.Deploy.0 = Debug|Any CPU
		{3AFA8EAA-BA23-4CC9-8DA0-C2D3B8A04D60}.Debug|iPhone.ActiveCfg = Debug|Any CPU
		{3AFA8EAA-BA23-4CC9-8DA0-C2D3B8A04D60}.Debug|iPhone.Build.0 = Debug|Any CPU
		{3AFA8EAA-BA23-4CC9-8DA0-C2D3B8A04D60}.Debug|iPhone.Deploy.0 = Debug|Any CPU
		{3AFA8EAA-BA23-4CC9-8DA0-C2D3B8A04D60}.Debug|iPhoneSimulator.ActiveCfg = Debug|Any CPU
		{3AFA8EAA-BA23-4CC9-8DA0-C2D3B8A04D60}.Debug|iPhoneSimulator.Build.0 = Debug|Any CPU
		{3AFA8EAA-BA23-4CC9-8DA0-C2D3B8A04D60}.Debug|iPhoneSimulator.Deploy.0 = Debug|Any CPU
		{3AFA8EAA-BA23-4CC9-8DA0-C2D3B8A04D60}.Release|Any CPU.ActiveCfg = Release|Any CPU
		{3AFA8EAA-BA23-4CC9-8DA0-C2D3B8A04D60}.Release|Any CPU.Build.0 = Release|Any CPU
		{3AFA8EAA-BA23-4CC9-8DA0-C2D3B8A04D60}.Release|Any CPU.Deploy.0 = Release|Any CPU
		{3AFA8EAA-BA23-4CC9-8DA0-C2D3B8A04D60}.Release|iPhone.ActiveCfg = Release|Any CPU
		{3AFA8EAA-BA23-4CC9-8DA0-C2D3B8A04D60}.Release|iPhone.Build.0 = Release|Any CPU
		{3AFA8EAA-BA23-4CC9-8DA0-C2D3B8A04D60}.Release|iPhone.Deploy.0 = Release|Any CPU
		{3AFA8EAA-BA23-4CC9-8DA0-C2D3B8A04D60}.Release|iPhoneSimulator.ActiveCfg = Release|Any CPU
		{3AFA8EAA-BA23-4CC9-8DA0-C2D3B8A04D60}.Release|iPhoneSimulator.Build.0 = Release|Any CPU
		{3AFA8EAA-BA23-4CC9-8DA0-C2D3B8A04D60}.Release|iPhoneSimulator.Deploy.0 = Release|Any CPU
		{05A19EBE-B372-417E-ADFE-8EC9DB105813}.Debug|Any CPU.ActiveCfg = Debug|iPhone
		{05A19EBE-B372-417E-ADFE-8EC9DB105813}.Debug|Any CPU.Build.0 = Debug|iPhone
		{05A19EBE-B372-417E-ADFE-8EC9DB105813}.Debug|Any CPU.Deploy.0 = Debug|iPhone
		{05A19EBE-B372-417E-ADFE-8EC9DB105813}.Debug|iPhone.ActiveCfg = Debug|iPhone
		{05A19EBE-B372-417E-ADFE-8EC9DB105813}.Debug|iPhone.Build.0 = Debug|iPhone
		{05A19EBE-B372-417E-ADFE-8EC9DB105813}.Debug|iPhone.Deploy.0 = Debug|iPhone
		{05A19EBE-B372-417E-ADFE-8EC9DB105813}.Debug|iPhoneSimulator.ActiveCfg = Debug|iPhoneSimulator
		{05A19EBE-B372-417E-ADFE-8EC9DB105813}.Debug|iPhoneSimulator.Build.0 = Debug|iPhoneSimulator
		{05A19EBE-B372-417E-ADFE-8EC9DB105813}.Debug|iPhoneSimulator.Deploy.0 = Debug|iPhoneSimulator
		{05A19EBE-B372-417E-ADFE-8EC9DB105813}.Release|Any CPU.ActiveCfg = Release|iPhoneSimulator
		{05A19EBE-B372-417E-ADFE-8EC9DB105813}.Release|Any CPU.Build.0 = Release|iPhoneSimulator
		{05A19EBE-B372-417E-ADFE-8EC9DB105813}.Release|Any CPU.Deploy.0 = Release|iPhoneSimulator
		{05A19EBE-B372-417E-ADFE-8EC9DB105813}.Release|iPhone.ActiveCfg = Release|iPhone
		{05A19EBE-B372-417E-ADFE-8EC9DB105813}.Release|iPhone.Build.0 = Release|iPhone
		{05A19EBE-B372-417E-ADFE-8EC9DB105813}.Release|iPhone.Deploy.0 = Release|iPhone
		{05A19EBE-B372-417E-ADFE-8EC9DB105813}.Release|iPhoneSimulator.ActiveCfg = Release|iPhoneSimulator
		{05A19EBE-B372-417E-ADFE-8EC9DB105813}.Release|iPhoneSimulator.Build.0 = Release|iPhoneSimulator
		{05A19EBE-B372-417E-ADFE-8EC9DB105813}.Release|iPhoneSimulator.Deploy.0 = Release|iPhoneSimulator
		{D4781E85-A96B-4525-A76F-173493332253}.Debug|Any CPU.ActiveCfg = Debug|Any CPU
		{D4781E85-A96B-4525-A76F-173493332253}.Debug|Any CPU.Build.0 = Debug|Any CPU
		{D4781E85-A96B-4525-A76F-173493332253}.Debug|Any CPU.Deploy.0 = Debug|Any CPU
		{D4781E85-A96B-4525-A76F-173493332253}.Debug|iPhone.ActiveCfg = Debug|Any CPU
		{D4781E85-A96B-4525-A76F-173493332253}.Debug|iPhone.Build.0 = Debug|Any CPU
		{D4781E85-A96B-4525-A76F-173493332253}.Debug|iPhone.Deploy.0 = Debug|Any CPU
		{D4781E85-A96B-4525-A76F-173493332253}.Debug|iPhoneSimulator.ActiveCfg = Debug|Any CPU
		{D4781E85-A96B-4525-A76F-173493332253}.Debug|iPhoneSimulator.Build.0 = Debug|Any CPU
		{D4781E85-A96B-4525-A76F-173493332253}.Debug|iPhoneSimulator.Deploy.0 = Debug|Any CPU
		{D4781E85-A96B-4525-A76F-173493332253}.Release|Any CPU.ActiveCfg = Release|Any CPU
		{D4781E85-A96B-4525-A76F-173493332253}.Release|Any CPU.Build.0 = Release|Any CPU
		{D4781E85-A96B-4525-A76F-173493332253}.Release|Any CPU.Deploy.0 = Release|Any CPU
		{D4781E85-A96B-4525-A76F-173493332253}.Release|iPhone.ActiveCfg = Release|Any CPU
		{D4781E85-A96B-4525-A76F-173493332253}.Release|iPhone.Build.0 = Release|Any CPU
		{D4781E85-A96B-4525-A76F-173493332253}.Release|iPhone.Deploy.0 = Release|Any CPU
		{D4781E85-A96B-4525-A76F-173493332253}.Release|iPhoneSimulator.ActiveCfg = Release|Any CPU
		{D4781E85-A96B-4525-A76F-173493332253}.Release|iPhoneSimulator.Build.0 = Release|Any CPU
		{D4781E85-A96B-4525-A76F-173493332253}.Release|iPhoneSimulator.Deploy.0 = Release|Any CPU
	EndGlobalSection
	GlobalSection(SolutionProperties) = preSolution
		HideSolutionNode = FALSE
	EndGlobalSection
	GlobalSection(ExtensibilityGlobals) = postSolution
		SolutionGuid = {D1B4C6AE-8F2F-4491-AF0E-256134E82187}
	EndGlobalSection
EndGlobal
